// !$*UTF8*$!
{
	archiveVersion = 1;
	classes = {
	};
	objectVersion = 50;
	objects = {

/* Begin PBXBuildFile section */
		AB15399A26BC246300ACA84A /* AppDelegate.swift in Sources */ = {isa = PBXBuildFile; fileRef = AB15399926BC246300ACA84A /* AppDelegate.swift */; };
		AB15399C26BC246300ACA84A /* SceneDelegate.swift in Sources */ = {isa = PBXBuildFile; fileRef = AB15399B26BC246300ACA84A /* SceneDelegate.swift */; };
		AB1539A326BC246400ACA84A /* Assets.xcassets in Resources */ = {isa = PBXBuildFile; fileRef = AB1539A226BC246400ACA84A /* Assets.xcassets */; };
		AB1539A626BC246400ACA84A /* LaunchScreen.storyboard in Resources */ = {isa = PBXBuildFile; fileRef = AB1539A426BC246400ACA84A /* LaunchScreen.storyboard */; };
		AB1539B726BC288500ACA84A /* RootTabBarController.swift in Sources */ = {isa = PBXBuildFile; fileRef = AB1539B626BC288500ACA84A /* RootTabBarController.swift */; };
		AB1539B926BC29BC00ACA84A /* RootRouter.swift in Sources */ = {isa = PBXBuildFile; fileRef = AB1539B826BC29BC00ACA84A /* RootRouter.swift */; };
		AB1539BB26BC29DB00ACA84A /* RootProtocols.swift in Sources */ = {isa = PBXBuildFile; fileRef = AB1539BA26BC29DB00ACA84A /* RootProtocols.swift */; };
		AB1539BD26BC2D1000ACA84A /* RootInteractor.swift in Sources */ = {isa = PBXBuildFile; fileRef = AB1539BC26BC2D1000ACA84A /* RootInteractor.swift */; };
		AB1539BF26BC2D2800ACA84A /* RootPresenter.swift in Sources */ = {isa = PBXBuildFile; fileRef = AB1539BE26BC2D2800ACA84A /* RootPresenter.swift */; };
		AB1539C726BC319200ACA84A /* HomeProtocols.swift in Sources */ = {isa = PBXBuildFile; fileRef = AB1539C626BC319200ACA84A /* HomeProtocols.swift */; };
		AB1539C926BC31D300ACA84A /* HomeRouter.swift in Sources */ = {isa = PBXBuildFile; fileRef = AB1539C826BC31D300ACA84A /* HomeRouter.swift */; };
		AB1539CB26BC31DE00ACA84A /* HomePresenter.swift in Sources */ = {isa = PBXBuildFile; fileRef = AB1539CA26BC31DE00ACA84A /* HomePresenter.swift */; };
		AB1539CD26BC31E500ACA84A /* HomeInteractor.swift in Sources */ = {isa = PBXBuildFile; fileRef = AB1539CC26BC31E500ACA84A /* HomeInteractor.swift */; };
		AB1539CF26BC321100ACA84A /* HomeViewController.swift in Sources */ = {isa = PBXBuildFile; fileRef = AB1539CE26BC321100ACA84A /* HomeViewController.swift */; };
		AB1539D726BC33DA00ACA84A /* SettingsProtocols.swift in Sources */ = {isa = PBXBuildFile; fileRef = AB1539D626BC33DA00ACA84A /* SettingsProtocols.swift */; };
		AB1539D926BC340700ACA84A /* SettingsViewController.swift in Sources */ = {isa = PBXBuildFile; fileRef = AB1539D826BC340700ACA84A /* SettingsViewController.swift */; };
		AB1539DB26BC342C00ACA84A /* SettingsInteractor.swift in Sources */ = {isa = PBXBuildFile; fileRef = AB1539DA26BC342C00ACA84A /* SettingsInteractor.swift */; };
		AB1539DD26BC344700ACA84A /* SettingsPresenter.swift in Sources */ = {isa = PBXBuildFile; fileRef = AB1539DC26BC344700ACA84A /* SettingsPresenter.swift */; };
		AB1539DF26BC345C00ACA84A /* SettingsRouter.swift in Sources */ = {isa = PBXBuildFile; fileRef = AB1539DE26BC345C00ACA84A /* SettingsRouter.swift */; };
		AB1539E126BC573100ACA84A /* Constants.swift in Sources */ = {isa = PBXBuildFile; fileRef = AB1539E026BC573100ACA84A /* Constants.swift */; };
		ABB1BA5A26BCE797002D7C80 /* AddCoinProtocols.swift in Sources */ = {isa = PBXBuildFile; fileRef = ABB1BA5926BCE797002D7C80 /* AddCoinProtocols.swift */; };
		ABB1BA5C26BCE7B4002D7C80 /* AddCoinViewController.swift in Sources */ = {isa = PBXBuildFile; fileRef = ABB1BA5B26BCE7B4002D7C80 /* AddCoinViewController.swift */; };
		ABB1BA5E26BCE820002D7C80 /* AddCoinInteractor.swift in Sources */ = {isa = PBXBuildFile; fileRef = ABB1BA5D26BCE820002D7C80 /* AddCoinInteractor.swift */; };
		ABB1BA6026BCE848002D7C80 /* AddCoinPresenter.swift in Sources */ = {isa = PBXBuildFile; fileRef = ABB1BA5F26BCE848002D7C80 /* AddCoinPresenter.swift */; };
		ABB1BA6226BCE866002D7C80 /* AddCoinRouter.swift in Sources */ = {isa = PBXBuildFile; fileRef = ABB1BA6126BCE866002D7C80 /* AddCoinRouter.swift */; };
/* End PBXBuildFile section */

/* Begin PBXFileReference section */
		AB15399626BC246300ACA84A /* Crypto Searcher.app */ = {isa = PBXFileReference; explicitFileType = wrapper.application; includeInIndex = 0; path = "Crypto Searcher.app"; sourceTree = BUILT_PRODUCTS_DIR; };
		AB15399926BC246300ACA84A /* AppDelegate.swift */ = {isa = PBXFileReference; lastKnownFileType = sourcecode.swift; path = AppDelegate.swift; sourceTree = "<group>"; };
		AB15399B26BC246300ACA84A /* SceneDelegate.swift */ = {isa = PBXFileReference; lastKnownFileType = sourcecode.swift; path = SceneDelegate.swift; sourceTree = "<group>"; };
		AB1539A226BC246400ACA84A /* Assets.xcassets */ = {isa = PBXFileReference; lastKnownFileType = folder.assetcatalog; path = Assets.xcassets; sourceTree = "<group>"; };
		AB1539A526BC246400ACA84A /* Base */ = {isa = PBXFileReference; lastKnownFileType = file.storyboard; name = Base; path = Base.lproj/LaunchScreen.storyboard; sourceTree = "<group>"; };
		AB1539A726BC246400ACA84A /* Info.plist */ = {isa = PBXFileReference; lastKnownFileType = text.plist.xml; path = Info.plist; sourceTree = "<group>"; };
		AB1539B626BC288500ACA84A /* RootTabBarController.swift */ = {isa = PBXFileReference; lastKnownFileType = sourcecode.swift; path = RootTabBarController.swift; sourceTree = "<group>"; };
		AB1539B826BC29BC00ACA84A /* RootRouter.swift */ = {isa = PBXFileReference; lastKnownFileType = sourcecode.swift; path = RootRouter.swift; sourceTree = "<group>"; };
		AB1539BA26BC29DB00ACA84A /* RootProtocols.swift */ = {isa = PBXFileReference; lastKnownFileType = sourcecode.swift; path = RootProtocols.swift; sourceTree = "<group>"; };
		AB1539BC26BC2D1000ACA84A /* RootInteractor.swift */ = {isa = PBXFileReference; lastKnownFileType = sourcecode.swift; path = RootInteractor.swift; sourceTree = "<group>"; };
		AB1539BE26BC2D2800ACA84A /* RootPresenter.swift */ = {isa = PBXFileReference; lastKnownFileType = sourcecode.swift; path = RootPresenter.swift; sourceTree = "<group>"; };
		AB1539C626BC319200ACA84A /* HomeProtocols.swift */ = {isa = PBXFileReference; lastKnownFileType = sourcecode.swift; path = HomeProtocols.swift; sourceTree = "<group>"; };
		AB1539C826BC31D300ACA84A /* HomeRouter.swift */ = {isa = PBXFileReference; lastKnownFileType = sourcecode.swift; path = HomeRouter.swift; sourceTree = "<group>"; };
		AB1539CA26BC31DE00ACA84A /* HomePresenter.swift */ = {isa = PBXFileReference; lastKnownFileType = sourcecode.swift; path = HomePresenter.swift; sourceTree = "<group>"; };
		AB1539CC26BC31E500ACA84A /* HomeInteractor.swift */ = {isa = PBXFileReference; lastKnownFileType = sourcecode.swift; path = HomeInteractor.swift; sourceTree = "<group>"; };
		AB1539CE26BC321100ACA84A /* HomeViewController.swift */ = {isa = PBXFileReference; lastKnownFileType = sourcecode.swift; path = HomeViewController.swift; sourceTree = "<group>"; };
		AB1539D626BC33DA00ACA84A /* SettingsProtocols.swift */ = {isa = PBXFileReference; lastKnownFileType = sourcecode.swift; path = SettingsProtocols.swift; sourceTree = "<group>"; };
		AB1539D826BC340700ACA84A /* SettingsViewController.swift */ = {isa = PBXFileReference; lastKnownFileType = sourcecode.swift; path = SettingsViewController.swift; sourceTree = "<group>"; };
		AB1539DA26BC342C00ACA84A /* SettingsInteractor.swift */ = {isa = PBXFileReference; lastKnownFileType = sourcecode.swift; path = SettingsInteractor.swift; sourceTree = "<group>"; };
		AB1539DC26BC344700ACA84A /* SettingsPresenter.swift */ = {isa = PBXFileReference; lastKnownFileType = sourcecode.swift; path = SettingsPresenter.swift; sourceTree = "<group>"; };
		AB1539DE26BC345C00ACA84A /* SettingsRouter.swift */ = {isa = PBXFileReference; lastKnownFileType = sourcecode.swift; path = SettingsRouter.swift; sourceTree = "<group>"; };
		AB1539E026BC573100ACA84A /* Constants.swift */ = {isa = PBXFileReference; lastKnownFileType = sourcecode.swift; path = Constants.swift; sourceTree = "<group>"; };
		ABB1BA5926BCE797002D7C80 /* AddCoinProtocols.swift */ = {isa = PBXFileReference; lastKnownFileType = sourcecode.swift; path = AddCoinProtocols.swift; sourceTree = "<group>"; };
		ABB1BA5B26BCE7B4002D7C80 /* AddCoinViewController.swift */ = {isa = PBXFileReference; lastKnownFileType = sourcecode.swift; path = AddCoinViewController.swift; sourceTree = "<group>"; };
		ABB1BA5D26BCE820002D7C80 /* AddCoinInteractor.swift */ = {isa = PBXFileReference; lastKnownFileType = sourcecode.swift; path = AddCoinInteractor.swift; sourceTree = "<group>"; };
		ABB1BA5F26BCE848002D7C80 /* AddCoinPresenter.swift */ = {isa = PBXFileReference; lastKnownFileType = sourcecode.swift; path = AddCoinPresenter.swift; sourceTree = "<group>"; };
		ABB1BA6126BCE866002D7C80 /* AddCoinRouter.swift */ = {isa = PBXFileReference; lastKnownFileType = sourcecode.swift; path = AddCoinRouter.swift; sourceTree = "<group>"; };
/* End PBXFileReference section */

/* Begin PBXFrameworksBuildPhase section */
		AB15399326BC246300ACA84A /* Frameworks */ = {
			isa = PBXFrameworksBuildPhase;
			buildActionMask = 2147483647;
			files = (
			);
			runOnlyForDeploymentPostprocessing = 0;
		};
/* End PBXFrameworksBuildPhase section */

/* Begin PBXGroup section */
		AB15398D26BC246300ACA84A = {
			isa = PBXGroup;
			children = (
				AB15399826BC246300ACA84A /* Crypto Searcher */,
				AB15399726BC246300ACA84A /* Products */,
			);
			sourceTree = "<group>";
		};
		AB15399726BC246300ACA84A /* Products */ = {
			isa = PBXGroup;
			children = (
				AB15399626BC246300ACA84A /* Crypto Searcher.app */,
			);
			name = Products;
			sourceTree = "<group>";
		};
		AB15399826BC246300ACA84A /* Crypto Searcher */ = {
			isa = PBXGroup;
			children = (
				AB1539AE26BC25D600ACA84A /* Modules */,
				AB1539AD26BC25BD00ACA84A /* Supporting files */,
				AB1539A226BC246400ACA84A /* Assets.xcassets */,
				AB1539A726BC246400ACA84A /* Info.plist */,
			);
			path = "Crypto Searcher";
			sourceTree = "<group>";
		};
		AB1539AD26BC25BD00ACA84A /* Supporting files */ = {
			isa = PBXGroup;
			children = (
				AB1539E026BC573100ACA84A /* Constants.swift */,
				AB15399926BC246300ACA84A /* AppDelegate.swift */,
				AB15399B26BC246300ACA84A /* SceneDelegate.swift */,
				AB1539A426BC246400ACA84A /* LaunchScreen.storyboard */,
			);
			path = "Supporting files";
			sourceTree = "<group>";
		};
		AB1539AE26BC25D600ACA84A /* Modules */ = {
			isa = PBXGroup;
			children = (
				AB1539AF26BC282700ACA84A /* Root */,
				AB1539C026BC310B00ACA84A /* Home */,
				AB1539D026BC336C00ACA84A /* Settings */,
				ABB1BA5326BCE73D002D7C80 /* AddCoin */,
			);
			path = Modules;
			sourceTree = "<group>";
		};
		AB1539AF26BC282700ACA84A /* Root */ = {
			isa = PBXGroup;
			children = (
				AB1539B426BC285100ACA84A /* View */,
				AB1539B326BC284C00ACA84A /* Interactor */,
				AB1539B226BC284000ACA84A /* Presenter */,
				AB1539B126BC283900ACA84A /* Entitiy */,
				AB1539B026BC282D00ACA84A /* Router */,
				AB1539BA26BC29DB00ACA84A /* RootProtocols.swift */,
			);
			path = Root;
			sourceTree = "<group>";
		};
		AB1539B026BC282D00ACA84A /* Router */ = {
			isa = PBXGroup;
			children = (
				AB1539B826BC29BC00ACA84A /* RootRouter.swift */,
			);
			path = Router;
			sourceTree = "<group>";
		};
		AB1539B126BC283900ACA84A /* Entitiy */ = {
			isa = PBXGroup;
			children = (
			);
			path = Entitiy;
			sourceTree = "<group>";
		};
		AB1539B226BC284000ACA84A /* Presenter */ = {
			isa = PBXGroup;
			children = (
				AB1539BE26BC2D2800ACA84A /* RootPresenter.swift */,
			);
			path = Presenter;
			sourceTree = "<group>";
		};
		AB1539B326BC284C00ACA84A /* Interactor */ = {
			isa = PBXGroup;
			children = (
				AB1539BC26BC2D1000ACA84A /* RootInteractor.swift */,
			);
			path = Interactor;
			sourceTree = "<group>";
		};
		AB1539B426BC285100ACA84A /* View */ = {
			isa = PBXGroup;
			children = (
				AB1539B626BC288500ACA84A /* RootTabBarController.swift */,
			);
			path = View;
			sourceTree = "<group>";
		};
		AB1539C026BC310B00ACA84A /* Home */ = {
			isa = PBXGroup;
			children = (
				AB1539C526BC317800ACA84A /* View */,
				AB1539C426BC317200ACA84A /* Interactor */,
				AB1539C326BC316A00ACA84A /* Presenter */,
				AB1539C226BC316400ACA84A /* Entity */,
				AB1539C126BC316000ACA84A /* Router */,
				AB1539C626BC319200ACA84A /* HomeProtocols.swift */,
			);
			path = Home;
			sourceTree = "<group>";
		};
		AB1539C126BC316000ACA84A /* Router */ = {
			isa = PBXGroup;
			children = (
				AB1539C826BC31D300ACA84A /* HomeRouter.swift */,
			);
			path = Router;
			sourceTree = "<group>";
		};
		AB1539C226BC316400ACA84A /* Entity */ = {
			isa = PBXGroup;
			children = (
			);
			path = Entity;
			sourceTree = "<group>";
		};
		AB1539C326BC316A00ACA84A /* Presenter */ = {
			isa = PBXGroup;
			children = (
				AB1539CA26BC31DE00ACA84A /* HomePresenter.swift */,
			);
			path = Presenter;
			sourceTree = "<group>";
		};
		AB1539C426BC317200ACA84A /* Interactor */ = {
			isa = PBXGroup;
			children = (
				AB1539CC26BC31E500ACA84A /* HomeInteractor.swift */,
			);
			path = Interactor;
			sourceTree = "<group>";
		};
		AB1539C526BC317800ACA84A /* View */ = {
			isa = PBXGroup;
			children = (
				AB1539CE26BC321100ACA84A /* HomeViewController.swift */,
			);
			path = View;
			sourceTree = "<group>";
		};
		AB1539D026BC336C00ACA84A /* Settings */ = {
			isa = PBXGroup;
			children = (
				AB1539D526BC33C900ACA84A /* View */,
				AB1539D426BC33C500ACA84A /* Interactor */,
				AB1539D326BC33C100ACA84A /* Presenter */,
				AB1539D226BC33BC00ACA84A /* Entity */,
				AB1539D126BC33B500ACA84A /* Router */,
				AB1539D626BC33DA00ACA84A /* SettingsProtocols.swift */,
			);
			path = Settings;
			sourceTree = "<group>";
		};
		AB1539D126BC33B500ACA84A /* Router */ = {
			isa = PBXGroup;
			children = (
				AB1539DE26BC345C00ACA84A /* SettingsRouter.swift */,
			);
			path = Router;
			sourceTree = "<group>";
		};
		AB1539D226BC33BC00ACA84A /* Entity */ = {
			isa = PBXGroup;
			children = (
			);
			path = Entity;
			sourceTree = "<group>";
		};
		AB1539D326BC33C100ACA84A /* Presenter */ = {
			isa = PBXGroup;
			children = (
				AB1539DC26BC344700ACA84A /* SettingsPresenter.swift */,
			);
			path = Presenter;
			sourceTree = "<group>";
		};
		AB1539D426BC33C500ACA84A /* Interactor */ = {
			isa = PBXGroup;
			children = (
				AB1539DA26BC342C00ACA84A /* SettingsInteractor.swift */,
			);
			path = Interactor;
			sourceTree = "<group>";
		};
		AB1539D526BC33C900ACA84A /* View */ = {
			isa = PBXGroup;
			children = (
				AB1539D826BC340700ACA84A /* SettingsViewController.swift */,
			);
			path = View;
			sourceTree = "<group>";
		};
		ABB1BA5326BCE73D002D7C80 /* AddCoin */ = {
			isa = PBXGroup;
			children = (
				ABB1BA5826BCE78C002D7C80 /* View */,
				ABB1BA5726BCE786002D7C80 /* Interactor */,
				ABB1BA5626BCE783002D7C80 /* Presenter */,
				ABB1BA5526BCE77D002D7C80 /* Entity */,
				ABB1BA5426BCE75E002D7C80 /* Router */,
				ABB1BA5926BCE797002D7C80 /* AddCoinProtocols.swift */,
			);
			path = AddCoin;
			sourceTree = "<group>";
		};
		ABB1BA5426BCE75E002D7C80 /* Router */ = {
			isa = PBXGroup;
			children = (
				ABB1BA6126BCE866002D7C80 /* AddCoinRouter.swift */,
			);
			path = Router;
			sourceTree = "<group>";
		};
		ABB1BA5526BCE77D002D7C80 /* Entity */ = {
			isa = PBXGroup;
			children = (
			);
			path = Entity;
			sourceTree = "<group>";
		};
		ABB1BA5626BCE783002D7C80 /* Presenter */ = {
			isa = PBXGroup;
			children = (
				ABB1BA5F26BCE848002D7C80 /* AddCoinPresenter.swift */,
			);
			path = Presenter;
			sourceTree = "<group>";
		};
		ABB1BA5726BCE786002D7C80 /* Interactor */ = {
			isa = PBXGroup;
			children = (
				ABB1BA5D26BCE820002D7C80 /* AddCoinInteractor.swift */,
			);
			path = Interactor;
			sourceTree = "<group>";
		};
		ABB1BA5826BCE78C002D7C80 /* View */ = {
			isa = PBXGroup;
			children = (
				ABB1BA5B26BCE7B4002D7C80 /* AddCoinViewController.swift */,
			);
			path = View;
			sourceTree = "<group>";
		};
/* End PBXGroup section */

/* Begin PBXNativeTarget section */
		AB15399526BC246300ACA84A /* Crypto Searcher */ = {
			isa = PBXNativeTarget;
			buildConfigurationList = AB1539AA26BC246400ACA84A /* Build configuration list for PBXNativeTarget "Crypto Searcher" */;
			buildPhases = (
				AB15399226BC246300ACA84A /* Sources */,
				AB15399326BC246300ACA84A /* Frameworks */,
				AB15399426BC246300ACA84A /* Resources */,
			);
			buildRules = (
			);
			dependencies = (
			);
			name = "Crypto Searcher";
			productName = "Crypto Searcher";
			productReference = AB15399626BC246300ACA84A /* Crypto Searcher.app */;
			productType = "com.apple.product-type.application";
		};
/* End PBXNativeTarget section */

/* Begin PBXProject section */
		AB15398E26BC246300ACA84A /* Project object */ = {
			isa = PBXProject;
			attributes = {
				LastSwiftUpdateCheck = 1250;
				LastUpgradeCheck = 1250;
				TargetAttributes = {
					AB15399526BC246300ACA84A = {
						CreatedOnToolsVersion = 12.5.1;
					};
				};
			};
			buildConfigurationList = AB15399126BC246300ACA84A /* Build configuration list for PBXProject "Crypto Searcher" */;
			compatibilityVersion = "Xcode 9.3";
			developmentRegion = en;
			hasScannedForEncodings = 0;
			knownRegions = (
				en,
				Base,
			);
			mainGroup = AB15398D26BC246300ACA84A;
			productRefGroup = AB15399726BC246300ACA84A /* Products */;
			projectDirPath = "";
			projectRoot = "";
			targets = (
				AB15399526BC246300ACA84A /* Crypto Searcher */,
			);
		};
/* End PBXProject section */

/* Begin PBXResourcesBuildPhase section */
		AB15399426BC246300ACA84A /* Resources */ = {
			isa = PBXResourcesBuildPhase;
			buildActionMask = 2147483647;
			files = (
				AB1539A626BC246400ACA84A /* LaunchScreen.storyboard in Resources */,
				AB1539A326BC246400ACA84A /* Assets.xcassets in Resources */,
			);
			runOnlyForDeploymentPostprocessing = 0;
		};
/* End PBXResourcesBuildPhase section */

/* Begin PBXSourcesBuildPhase section */
		AB15399226BC246300ACA84A /* Sources */ = {
			isa = PBXSourcesBuildPhase;
			buildActionMask = 2147483647;
			files = (
				AB1539BD26BC2D1000ACA84A /* RootInteractor.swift in Sources */,
				AB1539CD26BC31E500ACA84A /* HomeInteractor.swift in Sources */,
				AB1539BB26BC29DB00ACA84A /* RootProtocols.swift in Sources */,
				AB1539B926BC29BC00ACA84A /* RootRouter.swift in Sources */,
				AB1539DF26BC345C00ACA84A /* SettingsRouter.swift in Sources */,
				AB1539CB26BC31DE00ACA84A /* HomePresenter.swift in Sources */,
				AB15399A26BC246300ACA84A /* AppDelegate.swift in Sources */,
				ABB1BA6226BCE866002D7C80 /* AddCoinRouter.swift in Sources */,
				AB1539C726BC319200ACA84A /* HomeProtocols.swift in Sources */,
				AB1539B726BC288500ACA84A /* RootTabBarController.swift in Sources */,
				ABB1BA6026BCE848002D7C80 /* AddCoinPresenter.swift in Sources */,
				AB1539DB26BC342C00ACA84A /* SettingsInteractor.swift in Sources */,
				AB15399C26BC246300ACA84A /* SceneDelegate.swift in Sources */,
				ABB1BA5C26BCE7B4002D7C80 /* AddCoinViewController.swift in Sources */,
				AB1539D926BC340700ACA84A /* SettingsViewController.swift in Sources */,
				ABB1BA5E26BCE820002D7C80 /* AddCoinInteractor.swift in Sources */,
				AB1539DD26BC344700ACA84A /* SettingsPresenter.swift in Sources */,
				AB1539C926BC31D300ACA84A /* HomeRouter.swift in Sources */,
				AB1539BF26BC2D2800ACA84A /* RootPresenter.swift in Sources */,
				AB1539D726BC33DA00ACA84A /* SettingsProtocols.swift in Sources */,
				AB1539CF26BC321100ACA84A /* HomeViewController.swift in Sources */,
				AB1539E126BC573100ACA84A /* Constants.swift in Sources */,
				ABB1BA5A26BCE797002D7C80 /* AddCoinProtocols.swift in Sources */,
			);
			runOnlyForDeploymentPostprocessing = 0;
		};
/* End PBXSourcesBuildPhase section */

/* Begin PBXVariantGroup section */
		AB1539A426BC246400ACA84A /* LaunchScreen.storyboard */ = {
			isa = PBXVariantGroup;
			children = (
				AB1539A526BC246400ACA84A /* Base */,
			);
			name = LaunchScreen.storyboard;
			sourceTree = "<group>";
		};
/* End PBXVariantGroup section */

/* Begin XCBuildConfiguration section */
		AB1539A826BC246400ACA84A /* Debug */ = {
			isa = XCBuildConfiguration;
			buildSettings = {
				ALWAYS_SEARCH_USER_PATHS = NO;
				CLANG_ANALYZER_NONNULL = YES;
				CLANG_ANALYZER_NUMBER_OBJECT_CONVERSION = YES_AGGRESSIVE;
				CLANG_CXX_LANGUAGE_STANDARD = "gnu++14";
				CLANG_CXX_LIBRARY = "libc++";
				CLANG_ENABLE_MODULES = YES;
				CLANG_ENABLE_OBJC_ARC = YES;
				CLANG_ENABLE_OBJC_WEAK = YES;
				CLANG_WARN_BLOCK_CAPTURE_AUTORELEASING = YES;
				CLANG_WARN_BOOL_CONVERSION = YES;
				CLANG_WARN_COMMA = YES;
				CLANG_WARN_CONSTANT_CONVERSION = YES;
				CLANG_WARN_DEPRECATED_OBJC_IMPLEMENTATIONS = YES;
				CLANG_WARN_DIRECT_OBJC_ISA_USAGE = YES_ERROR;
				CLANG_WARN_DOCUMENTATION_COMMENTS = YES;
				CLANG_WARN_EMPTY_BODY = YES;
				CLANG_WARN_ENUM_CONVERSION = YES;
				CLANG_WARN_INFINITE_RECURSION = YES;
				CLANG_WARN_INT_CONVERSION = YES;
				CLANG_WARN_NON_LITERAL_NULL_CONVERSION = YES;
				CLANG_WARN_OBJC_IMPLICIT_RETAIN_SELF = YES;
				CLANG_WARN_OBJC_LITERAL_CONVERSION = YES;
				CLANG_WARN_OBJC_ROOT_CLASS = YES_ERROR;
				CLANG_WARN_QUOTED_INCLUDE_IN_FRAMEWORK_HEADER = YES;
				CLANG_WARN_RANGE_LOOP_ANALYSIS = YES;
				CLANG_WARN_STRICT_PROTOTYPES = YES;
				CLANG_WARN_SUSPICIOUS_MOVE = YES;
				CLANG_WARN_UNGUARDED_AVAILABILITY = YES_AGGRESSIVE;
				CLANG_WARN_UNREACHABLE_CODE = YES;
				CLANG_WARN__DUPLICATE_METHOD_MATCH = YES;
				COPY_PHASE_STRIP = NO;
				DEBUG_INFORMATION_FORMAT = dwarf;
				ENABLE_STRICT_OBJC_MSGSEND = YES;
				ENABLE_TESTABILITY = YES;
				GCC_C_LANGUAGE_STANDARD = gnu11;
				GCC_DYNAMIC_NO_PIC = NO;
				GCC_NO_COMMON_BLOCKS = YES;
				GCC_OPTIMIZATION_LEVEL = 0;
				GCC_PREPROCESSOR_DEFINITIONS = (
					"DEBUG=1",
					"$(inherited)",
				);
				GCC_WARN_64_TO_32_BIT_CONVERSION = YES;
				GCC_WARN_ABOUT_RETURN_TYPE = YES_ERROR;
				GCC_WARN_UNDECLARED_SELECTOR = YES;
				GCC_WARN_UNINITIALIZED_AUTOS = YES_AGGRESSIVE;
				GCC_WARN_UNUSED_FUNCTION = YES;
				GCC_WARN_UNUSED_VARIABLE = YES;
				IPHONEOS_DEPLOYMENT_TARGET = 14.5;
				MTL_ENABLE_DEBUG_INFO = INCLUDE_SOURCE;
				MTL_FAST_MATH = YES;
				ONLY_ACTIVE_ARCH = YES;
				SDKROOT = iphoneos;
				SWIFT_ACTIVE_COMPILATION_CONDITIONS = DEBUG;
				SWIFT_OPTIMIZATION_LEVEL = "-Onone";
			};
			name = Debug;
		};
		AB1539A926BC246400ACA84A /* Release */ = {
			isa = XCBuildConfiguration;
			buildSettings = {
				ALWAYS_SEARCH_USER_PATHS = NO;
				CLANG_ANALYZER_NONNULL = YES;
				CLANG_ANALYZER_NUMBER_OBJECT_CONVERSION = YES_AGGRESSIVE;
				CLANG_CXX_LANGUAGE_STANDARD = "gnu++14";
				CLANG_CXX_LIBRARY = "libc++";
				CLANG_ENABLE_MODULES = YES;
				CLANG_ENABLE_OBJC_ARC = YES;
				CLANG_ENABLE_OBJC_WEAK = YES;
				CLANG_WARN_BLOCK_CAPTURE_AUTORELEASING = YES;
				CLANG_WARN_BOOL_CONVERSION = YES;
				CLANG_WARN_COMMA = YES;
				CLANG_WARN_CONSTANT_CONVERSION = YES;
				CLANG_WARN_DEPRECATED_OBJC_IMPLEMENTATIONS = YES;
				CLANG_WARN_DIRECT_OBJC_ISA_USAGE = YES_ERROR;
				CLANG_WARN_DOCUMENTATION_COMMENTS = YES;
				CLANG_WARN_EMPTY_BODY = YES;
				CLANG_WARN_ENUM_CONVERSION = YES;
				CLANG_WARN_INFINITE_RECURSION = YES;
				CLANG_WARN_INT_CONVERSION = YES;
				CLANG_WARN_NON_LITERAL_NULL_CONVERSION = YES;
				CLANG_WARN_OBJC_IMPLICIT_RETAIN_SELF = YES;
				CLANG_WARN_OBJC_LITERAL_CONVERSION = YES;
				CLANG_WARN_OBJC_ROOT_CLASS = YES_ERROR;
				CLANG_WARN_QUOTED_INCLUDE_IN_FRAMEWORK_HEADER = YES;
				CLANG_WARN_RANGE_LOOP_ANALYSIS = YES;
				CLANG_WARN_STRICT_PROTOTYPES = YES;
				CLANG_WARN_SUSPICIOUS_MOVE = YES;
				CLANG_WARN_UNGUARDED_AVAILABILITY = YES_AGGRESSIVE;
				CLANG_WARN_UNREACHABLE_CODE = YES;
				CLANG_WARN__DUPLICATE_METHOD_MATCH = YES;
				COPY_PHASE_STRIP = NO;
				DEBUG_INFORMATION_FORMAT = "dwarf-with-dsym";
				ENABLE_NS_ASSERTIONS = NO;
				ENABLE_STRICT_OBJC_MSGSEND = YES;
				GCC_C_LANGUAGE_STANDARD = gnu11;
				GCC_NO_COMMON_BLOCKS = YES;
				GCC_WARN_64_TO_32_BIT_CONVERSION = YES;
				GCC_WARN_ABOUT_RETURN_TYPE = YES_ERROR;
				GCC_WARN_UNDECLARED_SELECTOR = YES;
				GCC_WARN_UNINITIALIZED_AUTOS = YES_AGGRESSIVE;
				GCC_WARN_UNUSED_FUNCTION = YES;
				GCC_WARN_UNUSED_VARIABLE = YES;
				IPHONEOS_DEPLOYMENT_TARGET = 14.5;
				MTL_ENABLE_DEBUG_INFO = NO;
				MTL_FAST_MATH = YES;
				SDKROOT = iphoneos;
				SWIFT_COMPILATION_MODE = wholemodule;
				SWIFT_OPTIMIZATION_LEVEL = "-O";
				VALIDATE_PRODUCT = YES;
			};
			name = Release;
		};
		AB1539AB26BC246400ACA84A /* Debug */ = {
			isa = XCBuildConfiguration;
			buildSettings = {
				ASSETCATALOG_COMPILER_APPICON_NAME = AppIcon;
				ASSETCATALOG_COMPILER_GLOBAL_ACCENT_COLOR_NAME = AccentColor;
				CODE_SIGN_STYLE = Automatic;
				DEVELOPMENT_TEAM = WCQRQ8RKJR;
				INFOPLIST_FILE = "Crypto Searcher/Info.plist";
				LD_RUNPATH_SEARCH_PATHS = (
					"$(inherited)",
					"@executable_path/Frameworks",
				);
				PRODUCT_BUNDLE_IDENTIFIER = "com.oybek.Crypto-Searcher";
				PRODUCT_NAME = "$(TARGET_NAME)";
				SWIFT_VERSION = 5.0;
				TARGETED_DEVICE_FAMILY = "1,2";
			};
			name = Debug;
		};
		AB1539AC26BC246400ACA84A /* Release */ = {
			isa = XCBuildConfiguration;
			buildSettings = {
				ASSETCATALOG_COMPILER_APPICON_NAME = AppIcon;
				ASSETCATALOG_COMPILER_GLOBAL_ACCENT_COLOR_NAME = AccentColor;
				CODE_SIGN_STYLE = Automatic;
				DEVELOPMENT_TEAM = WCQRQ8RKJR;
				INFOPLIST_FILE = "Crypto Searcher/Info.plist";
				LD_RUNPATH_SEARCH_PATHS = (
					"$(inherited)",
					"@executable_path/Frameworks",
				);
				PRODUCT_BUNDLE_IDENTIFIER = "com.oybek.Crypto-Searcher";
				PRODUCT_NAME = "$(TARGET_NAME)";
				SWIFT_VERSION = 5.0;
				TARGETED_DEVICE_FAMILY = "1,2";
			};
			name = Release;
		};
/* End XCBuildConfiguration section */

/* Begin XCConfigurationList section */
		AB15399126BC246300ACA84A /* Build configuration list for PBXProject "Crypto Searcher" */ = {
			isa = XCConfigurationList;
			buildConfigurations = (
				AB1539A826BC246400ACA84A /* Debug */,
				AB1539A926BC246400ACA84A /* Release */,
			);
			defaultConfigurationIsVisible = 0;
			defaultConfigurationName = Release;
		};
		AB1539AA26BC246400ACA84A /* Build configuration list for PBXNativeTarget "Crypto Searcher" */ = {
			isa = XCConfigurationList;
			buildConfigurations = (
				AB1539AB26BC246400ACA84A /* Debug */,
				AB1539AC26BC246400ACA84A /* Release */,
			);
			defaultConfigurationIsVisible = 0;
			defaultConfigurationName = Release;
		};
/* End XCConfigurationList section */
	};
	rootObject = AB15398E26BC246300ACA84A /* Project object */;
}
